{
  "version": 4,
  "terraform_version": "1.2.2",
  "serial": 4,
  "lineage": "da3bc482-d204-eecb-688d-51d7aa9bfaaf",
  "outputs": {
    "external_ip_address_node01_yandex_cloud": {
      "value": "51.250.94.6",
      "type": "string"
    },
    "internal_ip_address_node01_yandex_cloud": {
      "value": "192.168.101.25",
      "type": "string"
    }
  },
  "resources": [
    {
      "mode": "managed",
      "type": "yandex_compute_instance",
      "name": "node01",
      "provider": "provider[\"registry.terraform.io/yandex-cloud/yandex\"]",
      "instances": [
        {
          "schema_version": 1,
          "attributes": {
            "allow_recreate": null,
            "allow_stopping_for_update": true,
            "boot_disk": [
              {
                "auto_delete": true,
                "device_name": "fhmf8ajokjblkr5uf62s",
                "disk_id": "fhmf8ajokjblkr5uf62s",
                "initialize_params": [
                  {
                    "block_size": 4096,
                    "description": "",
                    "image_id": "fd8sjlj38i52sr4jgsdg",
                    "name": "root-node01",
                    "size": 50,
                    "snapshot_id": "",
                    "type": "network-ssd"
                  }
                ],
                "mode": "READ_WRITE"
              }
            ],
            "created_at": "2022-06-19T13:06:25Z",
            "description": "",
            "folder_id": "b1gvcj5c7qi25j81c8ob",
            "fqdn": "node01.netology.cloud",
            "hostname": "node01",
            "id": "fhmns4u985lbudf43e98",
            "labels": null,
            "metadata": {
              "ssh-keys": "centos:ssh-rsa AAAAB3NzaC1yc2EAAAADAQABAAABgQDlAWle5iLia1jAt1mCc0qGm5PSpuqMCNhG+nPVw/2UKbGxvg7mkz2grUEIhnGC5eTKaVM0nwSv8ZqT1To05zRm0jEjqfs0XYayjvmV49V+tGs5qfH/Kq0+w9J61RFeAsBVr1aQPBdJ246kWWPJlmt2w9gnx4MKvi00CHggmJeYL9aTOklzkkOv9xiLoiEZCmbehGRQNhuoNpEEoji9aXwUVSb888azVsyhqVJ5dvo/FyaaGWUI/9OmWMxhSoKhNw3sYNLnOAdbvFOYTRaJnhniuQSosDTxZ2v78DL4IaKahrYcHXMAV9fjkdjOZAQE8gOvK6CFT0xmiZLzqQC7tq3fD1DPT9b24l7/ZOrvsJaf2vQrdL2NQH6c8c8S76Yl2BEdMCot1zg3fxhzbnMOGG8IzxLSeVMJ4n/3IEFiGBCclDEYaDjWv4sWUDyAsCNbCt6vHKy4zTKT9DZ9PCubclwRdLaEs+rO4ybjiAzM/6rzMw86of5Mi7J60vUB42tcNEs= olegnizamov@olegnizamov\n"
            },
            "name": "node01",
            "network_acceleration_type": "standard",
            "network_interface": [
              {
                "dns_record": [],
                "index": 0,
                "ip_address": "192.168.101.25",
                "ipv4": true,
                "ipv6": false,
                "ipv6_address": "",
                "ipv6_dns_record": [],
                "mac_address": "d0:0d:17:e1:3c:94",
                "nat": true,
                "nat_dns_record": [],
                "nat_ip_address": "51.250.94.6",
                "nat_ip_version": "IPV4",
                "security_group_ids": [],
                "subnet_id": "e9bg1fd0hifh2mlcadfl"
              }
            ],
            "placement_policy": [
              {
                "host_affinity_rules": [],
                "placement_group_id": ""
              }
            ],
            "platform_id": "standard-v1",
            "resources": [
              {
                "core_fraction": 100,
                "cores": 8,
                "gpus": 0,
                "memory": 8
              }
            ],
            "scheduling_policy": [
              {
                "preemptible": false
              }
            ],
            "secondary_disk": [],
            "service_account_id": "",
            "status": "running",
            "timeouts": null,
            "zone": "ru-central1-a"
          },
          "sensitive_attributes": [],
          "private": "eyJlMmJmYjczMC1lY2FhLTExZTYtOGY4OC0zNDM2M2JjN2M0YzAiOnsiY3JlYXRlIjozMDAwMDAwMDAwMDAsImRlbGV0ZSI6MzAwMDAwMDAwMDAwLCJ1cGRhdGUiOjMwMDAwMDAwMDAwMH0sInNjaGVtYV92ZXJzaW9uIjoiMSJ9",
          "dependencies": [
            "yandex_vpc_network.default",
            "yandex_vpc_subnet.default"
          ]
        }
      ]
    },
    {
      "mode": "managed",
      "type": "yandex_vpc_network",
      "name": "default",
      "provider": "provider[\"registry.terraform.io/yandex-cloud/yandex\"]",
      "instances": [
        {
          "schema_version": 0,
          "attributes": {
            "created_at": "2022-06-19T13:06:21Z",
            "default_security_group_id": "",
            "description": "",
            "folder_id": "b1gvcj5c7qi25j81c8ob",
            "id": "enpa85b8jb71o4ladp73",
            "labels": {},
            "name": "net",
            "subnet_ids": [],
            "timeouts": null
          },
          "sensitive_attributes": [],
          "private": "eyJlMmJmYjczMC1lY2FhLTExZTYtOGY4OC0zNDM2M2JjN2M0YzAiOnsiY3JlYXRlIjo2MDAwMDAwMDAwMCwiZGVsZXRlIjo2MDAwMDAwMDAwMCwidXBkYXRlIjo2MDAwMDAwMDAwMH19"
        }
      ]
    },
    {
      "mode": "managed",
      "type": "yandex_vpc_subnet",
      "name": "default",
      "provider": "provider[\"registry.terraform.io/yandex-cloud/yandex\"]",
      "instances": [
        {
          "schema_version": 0,
          "attributes": {
            "created_at": "2022-06-19T13:06:22Z",
            "description": "",
            "dhcp_options": [],
            "folder_id": "b1gvcj5c7qi25j81c8ob",
            "id": "e9bg1fd0hifh2mlcadfl",
            "labels": {},
            "name": "subnet",
            "network_id": "enpa85b8jb71o4ladp73",
            "route_table_id": "",
            "timeouts": null,
            "v4_cidr_blocks": [
              "192.168.101.0/24"
            ],
            "v6_cidr_blocks": [],
            "zone": "ru-central1-a"
          },
          "sensitive_attributes": [],
          "private": "eyJlMmJmYjczMC1lY2FhLTExZTYtOGY4OC0zNDM2M2JjN2M0YzAiOnsiY3JlYXRlIjoxODAwMDAwMDAwMDAsImRlbGV0ZSI6MTgwMDAwMDAwMDAwLCJ1cGRhdGUiOjE4MDAwMDAwMDAwMH19",
          "dependencies": [
            "yandex_vpc_network.default"
          ]
        }
      ]
    }
  ]
}
